
Microsoft Visual Studio Solution File, Format Version 12.00
# Visual Studio Version 16
VisualStudioVersion = 16.0.29709.97
MinimumVisualStudioVersion = 10.0.40219.1
Project("{8BC9CEB8-8B4A-11D0-8D11-00A0C91BC942}") = "VulkanAPI", "Astrea Core\Astrea Core\Astrea Core.vcxproj", "{BABDC213-BB89-42C7-9679-907FDCC73CB7}"
EndProject
Project("{8BC9CEB8-8B4A-11D0-8D11-00A0C91BC942}") = "Loguru", "Loguru\Loguru.vcxproj", "{E826F233-8F01-4E0C-BA75-3AA2C1C1B77B}"
EndProject
Project("{8BC9CEB8-8B4A-11D0-8D11-00A0C91BC942}") = "Optick", "Optick\Optick.vcxproj", "{5D08D418-F3E3-4C8E-A8EE-B6E15AA6DE35}"
EndProject
Project("{8BC9CEB8-8B4A-11D0-8D11-00A0C91BC942}") = "GLApi", "GLApi\GLApi.vcxproj", "{DEF464BD-B87C-4209-B0B4-6B1E8272BCDD}"
EndProject
Project("{8BC9CEB8-8B4A-11D0-8D11-00A0C91BC942}") = "LibGlad", "GLAD\GLAD.vcxproj", "{F4F6B8B6-FD03-41E1-B6F2-3EF400856EDE}"
EndProject
Global
	GlobalSection(SolutionConfigurationPlatforms) = preSolution
		Debug|x64 = Debug|x64
		Debug|x86 = Debug|x86
		Release|x64 = Release|x64
		Release|x86 = Release|x86
	EndGlobalSection
	GlobalSection(ProjectConfigurationPlatforms) = postSolution
		{BABDC213-BB89-42C7-9679-907FDCC73CB7}.Debug|x64.ActiveCfg = Debug|x64
		{BABDC213-BB89-42C7-9679-907FDCC73CB7}.Debug|x64.Build.0 = Debug|x64
		{BABDC213-BB89-42C7-9679-907FDCC73CB7}.Debug|x86.ActiveCfg = Debug|Win32
		{BABDC213-BB89-42C7-9679-907FDCC73CB7}.Debug|x86.Build.0 = Debug|Win32
		{BABDC213-BB89-42C7-9679-907FDCC73CB7}.Release|x64.ActiveCfg = Release|x64
		{BABDC213-BB89-42C7-9679-907FDCC73CB7}.Release|x64.Build.0 = Release|x64
		{BABDC213-BB89-42C7-9679-907FDCC73CB7}.Release|x86.ActiveCfg = Release|Win32
		{BABDC213-BB89-42C7-9679-907FDCC73CB7}.Release|x86.Build.0 = Release|Win32
		{E826F233-8F01-4E0C-BA75-3AA2C1C1B77B}.Debug|x64.ActiveCfg = Debug|x64
		{E826F233-8F01-4E0C-BA75-3AA2C1C1B77B}.Debug|x64.Build.0 = Debug|x64
		{E826F233-8F01-4E0C-BA75-3AA2C1C1B77B}.Debug|x86.ActiveCfg = Debug|Win32
		{E826F233-8F01-4E0C-BA75-3AA2C1C1B77B}.Debug|x86.Build.0 = Debug|Win32
		{E826F233-8F01-4E0C-BA75-3AA2C1C1B77B}.Release|x64.ActiveCfg = Release|x64
		{E826F233-8F01-4E0C-BA75-3AA2C1C1B77B}.Release|x64.Build.0 = Release|x64
		{E826F233-8F01-4E0C-BA75-3AA2C1C1B77B}.Release|x86.ActiveCfg = Release|Win32
		{E826F233-8F01-4E0C-BA75-3AA2C1C1B77B}.Release|x86.Build.0 = Release|Win32
		{5D08D418-F3E3-4C8E-A8EE-B6E15AA6DE35}.Debug|x64.ActiveCfg = Debug|x64
		{5D08D418-F3E3-4C8E-A8EE-B6E15AA6DE35}.Debug|x64.Build.0 = Debug|x64
		{5D08D418-F3E3-4C8E-A8EE-B6E15AA6DE35}.Debug|x86.ActiveCfg = Debug|Win32
		{5D08D418-F3E3-4C8E-A8EE-B6E15AA6DE35}.Debug|x86.Build.0 = Debug|Win32
		{5D08D418-F3E3-4C8E-A8EE-B6E15AA6DE35}.Release|x64.ActiveCfg = Release|x64
		{5D08D418-F3E3-4C8E-A8EE-B6E15AA6DE35}.Release|x64.Build.0 = Release|x64
		{5D08D418-F3E3-4C8E-A8EE-B6E15AA6DE35}.Release|x86.ActiveCfg = Release|Win32
		{5D08D418-F3E3-4C8E-A8EE-B6E15AA6DE35}.Release|x86.Build.0 = Release|Win32
		{DEF464BD-B87C-4209-B0B4-6B1E8272BCDD}.Debug|x64.ActiveCfg = Debug|x64
		{DEF464BD-B87C-4209-B0B4-6B1E8272BCDD}.Debug|x64.Build.0 = Debug|x64
		{DEF464BD-B87C-4209-B0B4-6B1E8272BCDD}.Debug|x86.ActiveCfg = Debug|Win32
		{DEF464BD-B87C-4209-B0B4-6B1E8272BCDD}.Debug|x86.Build.0 = Debug|Win32
		{DEF464BD-B87C-4209-B0B4-6B1E8272BCDD}.Release|x64.ActiveCfg = Release|x64
		{DEF464BD-B87C-4209-B0B4-6B1E8272BCDD}.Release|x64.Build.0 = Release|x64
		{DEF464BD-B87C-4209-B0B4-6B1E8272BCDD}.Release|x86.ActiveCfg = Release|Win32
		{DEF464BD-B87C-4209-B0B4-6B1E8272BCDD}.Release|x86.Build.0 = Release|Win32
		{F4F6B8B6-FD03-41E1-B6F2-3EF400856EDE}.Debug|x64.ActiveCfg = Debug|x64
		{F4F6B8B6-FD03-41E1-B6F2-3EF400856EDE}.Debug|x64.Build.0 = Debug|x64
		{F4F6B8B6-FD03-41E1-B6F2-3EF400856EDE}.Debug|x86.ActiveCfg = Debug|Win32
		{F4F6B8B6-FD03-41E1-B6F2-3EF400856EDE}.Debug|x86.Build.0 = Debug|Win32
		{F4F6B8B6-FD03-41E1-B6F2-3EF400856EDE}.Release|x64.ActiveCfg = Release|x64
		{F4F6B8B6-FD03-41E1-B6F2-3EF400856EDE}.Release|x64.Build.0 = Release|x64
		{F4F6B8B6-FD03-41E1-B6F2-3EF400856EDE}.Release|x86.ActiveCfg = Release|Win32
		{F4F6B8B6-FD03-41E1-B6F2-3EF400856EDE}.Release|x86.Build.0 = Release|Win32
	EndGlobalSection
	GlobalSection(SolutionProperties) = preSolution
		HideSolutionNode = FALSE
	EndGlobalSection
	GlobalSection(ExtensibilityGlobals) = postSolution
		SolutionGuid = {A137FA87-E0C7-4C4B-BF60-282DBAA76353}
	EndGlobalSection
EndGlobal
